
Microsoft Visual Studio Solution File, Format Version 12.00
# Visual Studio Version 17
VisualStudioVersion = 17.4.33122.133
MinimumVisualStudioVersion = 10.0.40219.1
Project("{FAE04EC0-301F-11D3-BF4B-00C04F79EFBC}") = "EncontrolBalticTask", "EncontrolBalticTask\EncontrolBalticTask.csproj", "{7D294D8D-5978-45DD-B282-45C33203D513}"
EndProject
Global
	GlobalSection(SolutionConfigurationPlatforms) = preSolution
		Debug|Any CPU = Debug|Any CPU
		Release|Any CPU = Release|Any CPU
	EndGlobalSection
	GlobalSection(ProjectConfigurationPlatforms) = postSolution
		{7D294D8D-5978-45DD-B282-45C33203D513}.Debug|Any CPU.ActiveCfg = Debug|Any CPU
		{7D294D8D-5978-45DD-B282-45C33203D513}.Debug|Any CPU.Build.0 = Debug|Any CPU
		{7D294D8D-5978-45DD-B282-45C33203D513}.Release|Any CPU.ActiveCfg = Release|Any CPU
		{7D294D8D-5978-45DD-B282-45C33203D513}.Release|Any CPU.Build.0 = Release|Any CPU
	EndGlobalSection
	GlobalSection(SolutionProperties) = preSolution
		HideSolutionNode = FALSE
	EndGlobalSection
	GlobalSection(ExtensibilityGlobals) = postSolution
		SolutionGuid = {0783EB01-7131-40FB-95CD-210000CA8FA1}
	EndGlobalSection
EndGlobal
